// !$*UTF8*$!
{
	archiveVersion = 1;
	classes = {
	};
	objectVersion = 46;
	objects = {

/* Begin PBXBuildFile section */
		427EFDE51B6FF2DE004960DD /* main.m in Sources */ = {isa = PBXBuildFile; fileRef = 427EFDE41B6FF2DE004960DD /* main.m */; };
		427EFDE81B6FF2DE004960DD /* AppDelegate.m in Sources */ = {isa = PBXBuildFile; fileRef = 427EFDE71B6FF2DE004960DD /* AppDelegate.m */; };
		427EFDEB1B6FF2DE004960DD /* ViewController.m in Sources */ = {isa = PBXBuildFile; fileRef = 427EFDEA1B6FF2DE004960DD /* ViewController.m */; };
		427EFDEE1B6FF2DE004960DD /* Main.storyboard in Resources */ = {isa = PBXBuildFile; fileRef = 427EFDEC1B6FF2DE004960DD /* Main.storyboard */; };
		427EFDF01B6FF2DE004960DD /* Images.xcassets in Resources */ = {isa = PBXBuildFile; fileRef = 427EFDEF1B6FF2DE004960DD /* Images.xcassets */; };
		427EFDF31B6FF2DE004960DD /* LaunchScreen.xib in Resources */ = {isa = PBXBuildFile; fileRef = 427EFDF11B6FF2DE004960DD /* LaunchScreen.xib */; };
		427EFDFF1B6FF2DE004960DD /* SQProgressViewTests.m in Sources */ = {isa = PBXBuildFile; fileRef = 427EFDFE1B6FF2DE004960DD /* SQProgressViewTests.m */; };
		427EFE0A1B6FF2F5004960DD /* SQProgressView.m in Sources */ = {isa = PBXBuildFile; fileRef = 427EFE091B6FF2F5004960DD /* SQProgressView.m */; };
/* End PBXBuildFile section */

/* Begin PBXContainerItemProxy section */
		427EFDF91B6FF2DE004960DD /* PBXContainerItemProxy */ = {
			isa = PBXContainerItemProxy;
			containerPortal = 427EFDD71B6FF2DE004960DD /* Project object */;
			proxyType = 1;
			remoteGlobalIDString = 427EFDDE1B6FF2DE004960DD;
			remoteInfo = SQProgressView;
		};
/* End PBXContainerItemProxy section */

/* Begin PBXFileReference section */
		427EFDDF1B6FF2DE004960DD /* SQProgressView.app */ = {isa = PBXFileReference; explicitFileType = wrapper.application; includeInIndex = 0; path = SQProgressView.app; sourceTree = BUILT_PRODUCTS_DIR; };
		427EFDE31B6FF2DE004960DD /* Info.plist */ = {isa = PBXFileReference; lastKnownFileType = text.plist.xml; path = Info.plist; sourceTree = "<group>"; };
		427EFDE41B6FF2DE004960DD /* main.m */ = {isa = PBXFileReference; lastKnownFileType = sourcecode.c.objc; path = main.m; sourceTree = "<group>"; };
		427EFDE61B6FF2DE004960DD /* AppDelegate.h */ = {isa = PBXFileReference; lastKnownFileType = sourcecode.c.h; path = AppDelegate.h; sourceTree = "<group>"; };
		427EFDE71B6FF2DE004960DD /* AppDelegate.m */ = {isa = PBXFileReference; lastKnownFileType = sourcecode.c.objc; path = AppDelegate.m; sourceTree = "<group>"; };
		427EFDE91B6FF2DE004960DD /* ViewController.h */ = {isa = PBXFileReference; lastKnownFileType = sourcecode.c.h; path = ViewController.h; sourceTree = "<group>"; };
		427EFDEA1B6FF2DE004960DD /* ViewController.m */ = {isa = PBXFileReference; lastKnownFileType = sourcecode.c.objc; path = ViewController.m; sourceTree = "<group>"; };
		427EFDED1B6FF2DE004960DD /* Base */ = {isa = PBXFileReference; lastKnownFileType = file.storyboard; name = Base; path = Base.lproj/Main.storyboard; sourceTree = "<group>"; };
		427EFDEF1B6FF2DE004960DD /* Images.xcassets */ = {isa = PBXFileReference; lastKnownFileType = folder.assetcatalog; path = Images.xcassets; sourceTree = "<group>"; };
		427EFDF21B6FF2DE004960DD /* Base */ = {isa = PBXFileReference; lastKnownFileType = file.xib; name = Base; path = Base.lproj/LaunchScreen.xib; sourceTree = "<group>"; };
		427EFDF81B6FF2DE004960DD /* SQProgressViewTests.xctest */ = {isa = PBXFileReference; explicitFileType = wrapper.cfbundle; includeInIndex = 0; path = SQProgressViewTests.xctest; sourceTree = BUILT_PRODUCTS_DIR; };
		427EFDFD1B6FF2DE004960DD /* Info.plist */ = {isa = PBXFileReference; lastKnownFileType = text.plist.xml; path = Info.plist; sourceTree = "<group>"; };
		427EFDFE1B6FF2DE004960DD /* SQProgressViewTests.m */ = {isa = PBXFileReference; lastKnownFileType = sourcecode.c.objc; path = SQProgressViewTests.m; sourceTree = "<group>"; };
		427EFE081B6FF2F5004960DD /* SQProgressView.h */ = {isa = PBXFileReference; fileEncoding = 4; lastKnownFileType = sourcecode.c.h; path = SQProgressView.h; sourceTree = "<group>"; };
		427EFE091B6FF2F5004960DD /* SQProgressView.m */ = {isa = PBXFileReference; fileEncoding = 4; lastKnownFileType = sourcecode.c.objc; path = SQProgressView.m; sourceTree = "<group>"; };
/* End PBXFileReference section */

/* Begin PBXFrameworksBuildPhase section */
		427EFDDC1B6FF2DE004960DD /* Frameworks */ = {
			isa = PBXFrameworksBuildPhase;
			buildActionMask = 2147483647;
			files = (
			);
			runOnlyForDeploymentPostprocessing = 0;
		};
		427EFDF51B6FF2DE004960DD /* Frameworks */ = {
			isa = PBXFrameworksBuildPhase;
			buildActionMask = 2147483647;
			files = (
			);
			runOnlyForDeploymentPostprocessing = 0;
		};
/* End PBXFrameworksBuildPhase section */

/* Begin PBXGroup section */
		427EFDD61B6FF2DE004960DD = {
			isa = PBXGroup;
			children = (
				427EFDE11B6FF2DE004960DD /* SQProgressView */,
				427EFDFB1B6FF2DE004960DD /* SQProgressViewTests */,
				427EFDE01B6FF2DE004960DD /* Products */,
			);
			sourceTree = "<group>";
		};
		427EFDE01B6FF2DE004960DD /* Products */ = {
			isa = PBXGroup;
			children = (
				427EFDDF1B6FF2DE004960DD /* SQProgressView.app */,
				427EFDF81B6FF2DE004960DD /* SQProgressViewTests.xctest */,
			);
			name = Products;
			sourceTree = "<group>";
		};
		427EFDE11B6FF2DE004960DD /* SQProgressView */ = {
			isa = PBXGroup;
			children = (
				427EFDE61B6FF2DE004960DD /* AppDelegate.h */,
				427EFDE71B6FF2DE004960DD /* AppDelegate.m */,
				427EFE081B6FF2F5004960DD /* SQProgressView.h */,
				427EFE091B6FF2F5004960DD /* SQProgressView.m */,
				427EFDE91B6FF2DE004960DD /* ViewController.h */,
				427EFDEA1B6FF2DE004960DD /* ViewController.m */,
				427EFDEC1B6FF2DE004960DD /* Main.storyboard */,
				427EFDEF1B6FF2DE004960DD /* Images.xcassets */,
				427EFDF11B6FF2DE004960DD /* LaunchScreen.xib */,
				427EFDE21B6FF2DE004960DD /* Supporting Files */,
			);
			path = SQProgressView;
			sourceTree = "<group>";
		};
		427EFDE21B6FF2DE004960DD /* Supporting Files */ = {
			isa = PBXGroup;
			children = (
				427EFDE31B6FF2DE004960DD /* Info.plist */,
				427EFDE41B6FF2DE004960DD /* main.m */,
			);
			name = "Supporting Files";
			sourceTree = "<group>";
		};
		427EFDFB1B6FF2DE004960DD /* SQProgressViewTests */ = {
			isa = PBXGroup;
			children = (
				427EFDFE1B6FF2DE004960DD /* SQProgressViewTests.m */,
				427EFDFC1B6FF2DE004960DD /* Supporting Files */,
			);
			path = SQProgressViewTests;
			sourceTree = "<group>";
		};
		427EFDFC1B6FF2DE004960DD /* Supporting Files */ = {
			isa = PBXGroup;
			children = (
				427EFDFD1B6FF2DE004960DD /* Info.plist */,
			);
			name = "Supporting Files";
			sourceTree = "<group>";
		};
/* End PBXGroup section */

/* Begin PBXNativeTarget section */
		427EFDDE1B6FF2DE004960DD /* SQProgressView */ = {
			isa = PBXNativeTarget;
			buildConfigurationList = 427EFE021B6FF2DE004960DD /* Build configuration list for PBXNativeTarget "SQProgressView" */;
			buildPhases = (
				427EFDDB1B6FF2DE004960DD /* Sources */,
				427EFDDC1B6FF2DE004960DD /* Frameworks */,
				427EFDDD1B6FF2DE004960DD /* Resources */,
			);
			buildRules = (
			);
			dependencies = (
			);
			name = SQProgressView;
			productName = SQProgressView;
			productReference = 427EFDDF1B6FF2DE004960DD /* SQProgressView.app */;
			productType = "com.apple.product-type.application";
		};
		427EFDF71B6FF2DE004960DD /* SQProgressViewTests */ = {
			isa = PBXNativeTarget;
			buildConfigurationList = 427EFE051B6FF2DE004960DD /* Build configuration list for PBXNativeTarget "SQProgressViewTests" */;
			buildPhases = (
				427EFDF41B6FF2DE004960DD /* Sources */,
				427EFDF51B6FF2DE004960DD /* Frameworks */,
				427EFDF61B6FF2DE004960DD /* Resources */,
			);
			buildRules = (
			);
			dependencies = (
				427EFDFA1B6FF2DE004960DD /* PBXTargetDependency */,
			);
			name = SQProgressViewTests;
			productName = SQProgressViewTests;
			productReference = 427EFDF81B6FF2DE004960DD /* SQProgressViewTests.xctest */;
			productType = "com.apple.product-type.bundle.unit-test";
		};
/* End PBXNativeTarget section */

/* Begin PBXProject section */
		427EFDD71B6FF2DE004960DD /* Project object */ = {
			isa = PBXProject;
			attributes = {
				LastUpgradeCheck = 0640;
				ORGANIZATIONNAME = sqwu.com;
				TargetAttributes = {
					427EFDDE1B6FF2DE004960DD = {
						CreatedOnToolsVersion = 6.4;
					};
					427EFDF71B6FF2DE004960DD = {
						CreatedOnToolsVersion = 6.4;
						TestTargetID = 427EFDDE1B6FF2DE004960DD;
					};
				};
			};
			buildConfigurationList = 427EFDDA1B6FF2DE004960DD /* Build configuration list for PBXProject "SQProgressView" */;
			compatibilityVersion = "Xcode 3.2";
			developmentRegion = English;
			hasScannedForEncodings = 0;
			knownRegions = (
				en,
				Base,
			);
			mainGroup = 427EFDD61B6FF2DE004960DD;
			productRefGroup = 427EFDE01B6FF2DE004960DD /* Products */;
			projectDirPath = "";
			projectRoot = "";
			targets = (
				427EFDDE1B6FF2DE004960DD /* SQProgressView */,
				427EFDF71B6FF2DE004960DD /* SQProgressViewTests */,
			);
		};
/* End PBXProject section */

/* Begin PBXResourcesBuildPhase section */
		427EFDDD1B6FF2DE004960DD /* Resources */ = {
			isa = PBXResourcesBuildPhase;
			buildActionMask = 2147483647;
			files = (
				427EFDEE1B6FF2DE004960DD /* Main.storyboard in Resources */,
				427EFDF31B6FF2DE004960DD /* LaunchScreen.xib in Resources */,
				427EFDF01B6FF2DE004960DD /* Images.xcassets in Resources */,
			);
			runOnlyForDeploymentPostprocessing = 0;
		};
		427EFDF61B6FF2DE004960DD /* Resources */ = {
			isa = PBXResourcesBuildPhase;
			buildActionMask = 2147483647;
			files = (
			);
			runOnlyForDeploymentPostprocessing = 0;
		};
/* End PBXResourcesBuildPhase section */

/* Begin PBXSourcesBuildPhase section */
		427EFDDB1B6FF2DE004960DD /* Sources */ = {
			isa = PBXSourcesBuildPhase;
			buildActionMask = 2147483647;
			files = (
				427EFDEB1B6FF2DE004960DD /* ViewController.m in Sources */,
				427EFDE81B6FF2DE004960DD /* AppDelegate.m in Sources */,
				427EFDE51B6FF2DE004960DD /* main.m in Sources */,
				427EFE0A1B6FF2F5004960DD /* SQProgressView.m in Sources */,
			);
			runOnlyForDeploymentPostprocessing = 0;
		};
		427EFDF41B6FF2DE004960DD /* Sources */ = {
			isa = PBXSourcesBuildPhase;
			buildActionMask = 2147483647;
			files = (
				427EFDFF1B6FF2DE004960DD /* SQProgressViewTests.m in Sources */,
			);
			runOnlyForDeploymentPostprocessing = 0;
		};
/* End PBXSourcesBuildPhase section */

/* Begin PBXTargetDependency section */
		427EFDFA1B6FF2DE004960DD /* PBXTargetDependency */ = {
			isa = PBXTargetDependency;
			target = 427EFDDE1B6FF2DE004960DD /* SQProgressView */;
			targetProxy = 427EFDF91B6FF2DE004960DD /* PBXContainerItemProxy */;
		};
/* End PBXTargetDependency section */

/* Begin PBXVariantGroup section */
		427EFDEC1B6FF2DE004960DD /* Main.storyboard */ = {
			isa = PBXVariantGroup;
			children = (
				427EFDED1B6FF2DE004960DD /* Base */,
			);
			name = Main.storyboard;
			sourceTree = "<group>";
		};
		427EFDF11B6FF2DE004960DD /* LaunchScreen.xib */ = {
			isa = PBXVariantGroup;
			children = (
				427EFDF21B6FF2DE004960DD /* Base */,
			);
			name = LaunchScreen.xib;
			sourceTree = "<group>";
		};
/* End PBXVariantGroup section */

/* Begin XCBuildConfiguration section */
		427EFE001B6FF2DE004960DD /* Debug */ = {
			isa = XCBuildConfiguration;
			buildSettings = {
				ALWAYS_SEARCH_USER_PATHS = NO;
				CLANG_CXX_LANGUAGE_STANDARD = "gnu++0x";
				CLANG_CXX_LIBRARY = "libc++";
				CLANG_ENABLE_MODULES = YES;
				CLANG_ENABLE_OBJC_ARC = YES;
				CLANG_WARN_BOOL_CONVERSION = YES;
				CLANG_WARN_CONSTANT_CONVERSION = YES;
				CLANG_WARN_DIRECT_OBJC_ISA_USAGE = YES_ERROR;
				CLANG_WARN_EMPTY_BODY = YES;
				CLANG_WARN_ENUM_CONVERSION = YES;
				CLANG_WARN_INT_CONVERSION = YES;
				CLANG_WARN_OBJC_ROOT_CLASS = YES_ERROR;
				CLANG_WARN_UNREACHABLE_CODE = YES;
				CLANG_WARN__DUPLICATE_METHOD_MATCH = YES;
				"CODE_SIGN_IDENTITY[sdk=iphoneos*]" = "iPhone Developer";
				COPY_PHASE_STRIP = NO;
				DEBUG_INFORMATION_FORMAT = "dwarf-with-dsym";
				ENABLE_STRICT_OBJC_MSGSEND = YES;
				GCC_C_LANGUAGE_STANDARD = gnu99;
				GCC_DYNAMIC_NO_PIC = NO;
				GCC_NO_COMMON_BLOCKS = YES;
				GCC_OPTIMIZATION_LEVEL = 0;
				GCC_PREPROCESSOR_DEFINITIONS = (
					"DEBUG=1",
					"$(inherited)",
				);
				GCC_SYMBOLS_PRIVATE_EXTERN = NO;
				GCC_WARN_64_TO_32_BIT_CONVERSION = YES;
				GCC_WARN_ABOUT_RETURN_TYPE = YES_ERROR;
				GCC_WARN_UNDECLARED_SELECTOR = YES;
				GCC_WARN_UNINITIALIZED_AUTOS = YES_AGGRESSIVE;
				GCC_WARN_UNUSED_FUNCTION = YES;
				GCC_WARN_UNUSED_VARIABLE = YES;
				IPHONEOS_DEPLOYMENT_TARGET = 8.4;
				MTL_ENABLE_DEBUG_INFO = YES;
				ONLY_ACTIVE_ARCH = YES;
				SDKROOT = iphoneos;
			};
			name = Debug;
		};
		427EFE011B6FF2DE004960DD /* Release */ = {
			isa = XCBuildConfiguration;
			buildSettings = {
				ALWAYS_SEARCH_USER_PATHS = NO;
				CLANG_CXX_LANGUAGE_STANDARD = "gnu++0x";
				CLANG_CXX_LIBRARY = "libc++";
				CLANG_ENABLE_MODULES = YES;
				CLANG_ENABLE_OBJC_ARC = YES;
				CLANG_WARN_BOOL_CONVERSION = YES;
				CLANG_WARN_CONSTANT_CONVERSION = YES;
				CLANG_WARN_DIRECT_OBJC_ISA_USAGE = YES_ERROR;
				CLANG_WARN_EMPTY_BODY = YES;
				CLANG_WARN_ENUM_CONVERSION = YES;
				CLANG_WARN_INT_CONVERSION = YES;
				CLANG_WARN_OBJC_ROOT_CLASS = YES_ERROR;
				CLANG_WARN_UNREACHABLE_CODE = YES;
				CLANG_WARN__DUPLICATE_METHOD_MATCH = YES;
				"CODE_SIGN_IDENTITY[sdk=iphoneos*]" = "iPhone Developer";
				COPY_PHASE_STRIP = NO;
				DEBUG_INFORMATION_FORMAT = "dwarf-with-dsym";
				ENABLE_NS_ASSERTIONS = NO;
				ENABLE_STRICT_OBJC_MSGSEND = YES;
				GCC_C_LANGUAGE_STANDARD = gnu99;
				GCC_NO_COMMON_BLOCKS = YES;
				GCC_WARN_64_TO_32_BIT_CONVERSION = YES;
				GCC_WARN_ABOUT_RETURN_TYPE = YES_ERROR;
				GCC_WARN_UNDECLARED_SELECTOR = YES;
				GCC_WARN_UNINITIALIZED_AUTOS = YES_AGGRESSIVE;
				GCC_WARN_UNUSED_FUNCTION = YES;
				GCC_WARN_UNUSED_VARIABLE = YES;
				IPHONEOS_DEPLOYMENT_TARGET = 8.4;
				MTL_ENABLE_DEBUG_INFO = NO;
				SDKROOT = iphoneos;
				VALIDATE_PRODUCT = YES;
			};
			name = Release;
		};
		427EFE031B6FF2DE004960DD /* Debug */ = {
			isa = XCBuildConfiguration;
			buildSettings = {
				ASSETCATALOG_COMPILER_APPICON_NAME = AppIcon;
				INFOPLIST_FILE = SQProgressView/Info.plist;
				LD_RUNPATH_SEARCH_PATHS = "$(inherited) @executable_path/Frameworks";
				PRODUCT_NAME = "$(TARGET_NAME)";
			};
			name = Debug;
		};
		427EFE041B6FF2DE004960DD /* Release */ = {
			isa = XCBuildConfiguration;
			buildSettings = {
				ASSETCATALOG_COMPILER_APPICON_NAME = AppIcon;
				INFOPLIST_FILE = SQProgressView/Info.plist;
				LD_RUNPATH_SEARCH_PATHS = "$(inherited) @executable_path/Frameworks";
				PRODUCT_NAME = "$(TARGET_NAME)";
			};
			name = Release;
		};
		427EFE061B6FF2DE004960DD /* Debug */ = {
			isa = XCBuildConfiguration;
			buildSettings = {
				BUNDLE_LOADER = "$(TEST_HOST)";
				FRAMEWORK_SEARCH_PATHS = (
					"$(SDKROOT)/Developer/Library/Frameworks",
					"$(inherited)",
				);
				GCC_PREPROCESSOR_DEFINITIONS = (
					"DEBUG=1",
					"$(inherited)",
				);
				INFOPLIST_FILE = SQProgressViewTests/Info.plist;
				LD_RUNPATH_SEARCH_PATHS = "$(inherited) @executable_path/Frameworks @loader_path/Frameworks";
				PRODUCT_NAME = "$(TARGET_NAME)";
				TEST_HOST = "$(BUILT_PRODUCTS_DIR)/SQProgressView.app/SQProgressView";
			};
			name = Debug;
		};
		427EFE071B6FF2DE004960DD /* Release */ = {
			isa = XCBuildConfiguration;
			buildSettings = {
				BUNDLE_LOADER = "$(TEST_HOST)";
				FRAMEWORK_SEARCH_PATHS = (
					"$(SDKROOT)/Developer/Library/Frameworks",
					"$(inherited)",
				);
				INFOPLIST_FILE = SQProgressViewTests/Info.plist;
				LD_RUNPATH_SEARCH_PATHS = "$(inherited) @executable_path/Frameworks @loader_path/Frameworks";
				PRODUCT_NAME = "$(TARGET_NAME)";
				TEST_HOST = "$(BUILT_PRODUCTS_DIR)/SQProgressView.app/SQProgressView";
			};
			name = Release;
		};
/* End XCBuildConfiguration section */

/* Begin XCConfigurationList section */
		427EFDDA1B6FF2DE004960DD /* Build configuration list for PBXProject "SQProgressView" */ = {
			isa = XCConfigurationList;
			buildConfigurations = (
				427EFE001B6FF2DE004960DD /* Debug */,
				427EFE011B6FF2DE004960DD /* Release */,
			);
			defaultConfigurationIsVisible = 0;
			defaultConfigurationName = Release;
		};
		427EFE021B6FF2DE004960DD /* Build configuration list for PBXNativeTarget "SQProgressView" */ = {
			isa = XCConfigurationList;
			buildConfigurations = (
				427EFE031B6FF2DE004960DD /* Debug */,
				427EFE041B6FF2DE004960DD /* Release */,
			);
			defaultConfigurationIsVisible = 0;
		};
		427EFE051B6FF2DE004960DD /* Build configuration list for PBXNativeTarget "SQProgressViewTests" */ = {
			isa = XCConfigurationList;
			buildConfigurations = (
				427EFE061B6FF2DE004960DD /* Debug */,
				427EFE071B6FF2DE004960DD /* Release */,
			);
			defaultConfigurationIsVisible = 0;
		};
/* End XCConfigurationList section */
	};
	rootObject = 427EFDD71B6FF2DE004960DD /* Project object */;
}
